// !$*UTF8*$!
{
	archiveVersion = 1;
	classes = {
	};
	objectVersion = 46;
	objects = {

/* Begin PBXBuildFile section */
		2C78EB1B1B7B425C0065CEB2 /* AppDelegate.swift in Sources */ = {isa = PBXBuildFile; fileRef = 2C78EB1A1B7B425C0065CEB2 /* AppDelegate.swift */; };
		2C78EB1D1B7B425C0065CEB2 /* ViewController.swift in Sources */ = {isa = PBXBuildFile; fileRef = 2C78EB1C1B7B425C0065CEB2 /* ViewController.swift */; };
		2C78EB201B7B425C0065CEB2 /* Main.storyboard in Resources */ = {isa = PBXBuildFile; fileRef = 2C78EB1E1B7B425C0065CEB2 /* Main.storyboard */; };
		2C78EB221B7B425C0065CEB2 /* Images.xcassets in Resources */ = {isa = PBXBuildFile; fileRef = 2C78EB211B7B425C0065CEB2 /* Images.xcassets */; };
		2C78EB251B7B425C0065CEB2 /* LaunchScreen.xib in Resources */ = {isa = PBXBuildFile; fileRef = 2C78EB231B7B425C0065CEB2 /* LaunchScreen.xib */; };
		2C78EB311B7B425C0065CEB2 /* HelloWorldIOSTests.swift in Sources */ = {isa = PBXBuildFile; fileRef = 2C78EB301B7B425C0065CEB2 /* HelloWorldIOSTests.swift */; };
/* End PBXBuildFile section */

/* Begin PBXContainerItemProxy section */
		2C78EB2B1B7B425C0065CEB2 /* PBXContainerItemProxy */ = {
			isa = PBXContainerItemProxy;
			containerPortal = 2C78EB0D1B7B425C0065CEB2 /* Project object */;
			proxyType = 1;
			remoteGlobalIDString = 2C78EB141B7B425C0065CEB2;
			remoteInfo = HelloWorldIOS;
		};
/* End PBXContainerItemProxy section */

/* Begin PBXFileReference section */
		2C78EB151B7B425C0065CEB2 /* HelloWorldIOS.app */ = {isa = PBXFileReference; explicitFileType = wrapper.application; includeInIndex = 0; path = HelloWorldIOS.app; sourceTree = BUILT_PRODUCTS_DIR; };
		2C78EB191B7B425C0065CEB2 /* Info.plist */ = {isa = PBXFileReference; lastKnownFileType = text.plist.xml; path = Info.plist; sourceTree = "<group>"; };
		2C78EB1A1B7B425C0065CEB2 /* AppDelegate.swift */ = {isa = PBXFileReference; lastKnownFileType = sourcecode.swift; path = AppDelegate.swift; sourceTree = "<group>"; };
		2C78EB1C1B7B425C0065CEB2 /* ViewController.swift */ = {isa = PBXFileReference; lastKnownFileType = sourcecode.swift; path = ViewController.swift; sourceTree = "<group>"; };
		2C78EB1F1B7B425C0065CEB2 /* Base */ = {isa = PBXFileReference; lastKnownFileType = file.storyboard; name = Base; path = Base.lproj/Main.storyboard; sourceTree = "<group>"; };
		2C78EB211B7B425C0065CEB2 /* Images.xcassets */ = {isa = PBXFileReference; lastKnownFileType = folder.assetcatalog; path = Images.xcassets; sourceTree = "<group>"; };
		2C78EB241B7B425C0065CEB2 /* Base */ = {isa = PBXFileReference; lastKnownFileType = file.xib; name = Base; path = Base.lproj/LaunchScreen.xib; sourceTree = "<group>"; };
		2C78EB2A1B7B425C0065CEB2 /* HelloWorldIOSTests.xctest */ = {isa = PBXFileReference; explicitFileType = wrapper.cfbundle; includeInIndex = 0; path = HelloWorldIOSTests.xctest; sourceTree = BUILT_PRODUCTS_DIR; };
		2C78EB2F1B7B425C0065CEB2 /* Info.plist */ = {isa = PBXFileReference; lastKnownFileType = text.plist.xml; path = Info.plist; sourceTree = "<group>"; };
		2C78EB301B7B425C0065CEB2 /* HelloWorldIOSTests.swift */ = {isa = PBXFileReference; lastKnownFileType = sourcecode.swift; path = HelloWorldIOSTests.swift; sourceTree = "<group>"; };
/* End PBXFileReference section */

/* Begin PBXFrameworksBuildPhase section */
		2C78EB121B7B425C0065CEB2 /* Frameworks */ = {
			isa = PBXFrameworksBuildPhase;
			buildActionMask = 2147483647;
			files = (
			);
			runOnlyForDeploymentPostprocessing = 0;
		};
		2C78EB271B7B425C0065CEB2 /* Frameworks */ = {
			isa = PBXFrameworksBuildPhase;
			buildActionMask = 2147483647;
			files = (
			);
			runOnlyForDeploymentPostprocessing = 0;
		};
/* End PBXFrameworksBuildPhase section */

/* Begin PBXGroup section */
		2C78EB0C1B7B425C0065CEB2 = {
			isa = PBXGroup;
			children = (
				2C78EB171B7B425C0065CEB2 /* HelloWorldIOS */,
				2C78EB2D1B7B425C0065CEB2 /* HelloWorldIOSTests */,
				2C78EB161B7B425C0065CEB2 /* Products */,
			);
			sourceTree = "<group>";
		};
		2C78EB161B7B425C0065CEB2 /* Products */ = {
			isa = PBXGroup;
			children = (
				2C78EB151B7B425C0065CEB2 /* HelloWorldIOS.app */,
				2C78EB2A1B7B425C0065CEB2 /* HelloWorldIOSTests.xctest */,
			);
			name = Products;
			sourceTree = "<group>";
		};
		2C78EB171B7B425C0065CEB2 /* HelloWorldIOS */ = {
			isa = PBXGroup;
			children = (
				2C78EB1A1B7B425C0065CEB2 /* AppDelegate.swift */,
				2C78EB1C1B7B425C0065CEB2 /* ViewController.swift */,
				2C78EB1E1B7B425C0065CEB2 /* Main.storyboard */,
				2C78EB211B7B425C0065CEB2 /* Images.xcassets */,
				2C78EB231B7B425C0065CEB2 /* LaunchScreen.xib */,
				2C78EB181B7B425C0065CEB2 /* Supporting Files */,
			);
			path = HelloWorldIOS;
			sourceTree = "<group>";
		};
		2C78EB181B7B425C0065CEB2 /* Supporting Files */ = {
			isa = PBXGroup;
			children = (
				2C78EB191B7B425C0065CEB2 /* Info.plist */,
			);
			name = "Supporting Files";
			sourceTree = "<group>";
		};
		2C78EB2D1B7B425C0065CEB2 /* HelloWorldIOSTests */ = {
			isa = PBXGroup;
			children = (
				2C78EB301B7B425C0065CEB2 /* HelloWorldIOSTests.swift */,
				2C78EB2E1B7B425C0065CEB2 /* Supporting Files */,
			);
			path = HelloWorldIOSTests;
			sourceTree = "<group>";
		};
		2C78EB2E1B7B425C0065CEB2 /* Supporting Files */ = {
			isa = PBXGroup;
			children = (
				2C78EB2F1B7B425C0065CEB2 /* Info.plist */,
			);
			name = "Supporting Files";
			sourceTree = "<group>";
		};
/* End PBXGroup section */

/* Begin PBXNativeTarget section */
		2C78EB141B7B425C0065CEB2 /* HelloWorldIOS */ = {
			isa = PBXNativeTarget;
			buildConfigurationList = 2C78EB341B7B425C0065CEB2 /* Build configuration list for PBXNativeTarget "HelloWorldIOS" */;
			buildPhases = (
				2C78EB111B7B425C0065CEB2 /* Sources */,
				2C78EB121B7B425C0065CEB2 /* Frameworks */,
				2C78EB131B7B425C0065CEB2 /* Resources */,
			);
			buildRules = (
			);
			dependencies = (
			);
			name = HelloWorldIOS;
			productName = HelloWorldIOS;
			productReference = 2C78EB151B7B425C0065CEB2 /* HelloWorldIOS.app */;
			productType = "com.apple.product-type.application";
		};
		2C78EB291B7B425C0065CEB2 /* HelloWorldIOSTests */ = {
			isa = PBXNativeTarget;
			buildConfigurationList = 2C78EB371B7B425C0065CEB2 /* Build configuration list for PBXNativeTarget "HelloWorldIOSTests" */;
			buildPhases = (
				2C78EB261B7B425C0065CEB2 /* Sources */,
				2C78EB271B7B425C0065CEB2 /* Frameworks */,
				2C78EB281B7B425C0065CEB2 /* Resources */,
			);
			buildRules = (
			);
			dependencies = (
				2C78EB2C1B7B425C0065CEB2 /* PBXTargetDependency */,
			);
			name = HelloWorldIOSTests;
			productName = HelloWorldIOSTests;
			productReference = 2C78EB2A1B7B425C0065CEB2 /* HelloWorldIOSTests.xctest */;
			productType = "com.apple.product-type.bundle.unit-test";
		};
/* End PBXNativeTarget section */

/* Begin PBXProject section */
		2C78EB0D1B7B425C0065CEB2 /* Project object */ = {
			isa = PBXProject;
			attributes = {
				LastUpgradeCheck = 0640;
				ORGANIZATIONNAME = Isban;
				TargetAttributes = {
					2C78EB141B7B425C0065CEB2 = {
						CreatedOnToolsVersion = 6.4;
					};
					2C78EB291B7B425C0065CEB2 = {
						CreatedOnToolsVersion = 6.4;
						TestTargetID = 2C78EB141B7B425C0065CEB2;
					};
				};
			};
			buildConfigurationList = 2C78EB101B7B425C0065CEB2 /* Build configuration list for PBXProject "HelloWorldIOS" */;
			compatibilityVersion = "Xcode 3.2";
			developmentRegion = English;
			hasScannedForEncodings = 0;
			knownRegions = (
				en,
				Base,
			);
			mainGroup = 2C78EB0C1B7B425C0065CEB2;
			productRefGroup = 2C78EB161B7B425C0065CEB2 /* Products */;
			projectDirPath = "";
			projectRoot = "";
			targets = (
				2C78EB141B7B425C0065CEB2 /* HelloWorldIOS */,
				2C78EB291B7B425C0065CEB2 /* HelloWorldIOSTests */,
			);
		};
/* End PBXProject section */

/* Begin PBXResourcesBuildPhase section */
		2C78EB131B7B425C0065CEB2 /* Resources */ = {
			isa = PBXResourcesBuildPhase;
			buildActionMask = 2147483647;
			files = (
				2C78EB201B7B425C0065CEB2 /* Main.storyboard in Resources */,
				2C78EB251B7B425C0065CEB2 /* LaunchScreen.xib in Resources */,
				2C78EB221B7B425C0065CEB2 /* Images.xcassets in Resources */,
			);
			runOnlyForDeploymentPostprocessing = 0;
		};
		2C78EB281B7B425C0065CEB2 /* Resources */ = {
			isa = PBXResourcesBuildPhase;
			buildActionMask = 2147483647;
			files = (
			);
			runOnlyForDeploymentPostprocessing = 0;
		};
/* End PBXResourcesBuildPhase section */

/* Begin PBXSourcesBuildPhase section */
		2C78EB111B7B425C0065CEB2 /* Sources */ = {
			isa = PBXSourcesBuildPhase;
			buildActionMask = 2147483647;
			files = (
				2C78EB1D1B7B425C0065CEB2 /* ViewController.swift in Sources */,
				2C78EB1B1B7B425C0065CEB2 /* AppDelegate.swift in Sources */,
			);
			runOnlyForDeploymentPostprocessing = 0;
		};
		2C78EB261B7B425C0065CEB2 /* Sources */ = {
			isa = PBXSourcesBuildPhase;
			buildActionMask = 2147483647;
			files = (
				2C78EB311B7B425C0065CEB2 /* HelloWorldIOSTests.swift in Sources */,
			);
			runOnlyForDeploymentPostprocessing = 0;
		};
/* End PBXSourcesBuildPhase section */

/* Begin PBXTargetDependency section */
		2C78EB2C1B7B425C0065CEB2 /* PBXTargetDependency */ = {
			isa = PBXTargetDependency;
			target = 2C78EB141B7B425C0065CEB2 /* HelloWorldIOS */;
			targetProxy = 2C78EB2B1B7B425C0065CEB2 /* PBXContainerItemProxy */;
		};
/* End PBXTargetDependency section */

/* Begin PBXVariantGroup section */
		2C78EB1E1B7B425C0065CEB2 /* Main.storyboard */ = {
			isa = PBXVariantGroup;
			children = (
				2C78EB1F1B7B425C0065CEB2 /* Base */,
			);
			name = Main.storyboard;
			sourceTree = "<group>";
		};
		2C78EB231B7B425C0065CEB2 /* LaunchScreen.xib */ = {
			isa = PBXVariantGroup;
			children = (
				2C78EB241B7B425C0065CEB2 /* Base */,
			);
			name = LaunchScreen.xib;
			sourceTree = "<group>";
		};
/* End PBXVariantGroup section */

/* Begin XCBuildConfiguration section */
		2C78EB321B7B425C0065CEB2 /* Debug */ = {
			isa = XCBuildConfiguration;
			buildSettings = {
				ALWAYS_SEARCH_USER_PATHS = NO;
				CLANG_CXX_LANGUAGE_STANDARD = "gnu++0x";
				CLANG_CXX_LIBRARY = "libc++";
				CLANG_ENABLE_MODULES = YES;
				CLANG_ENABLE_OBJC_ARC = YES;
				CLANG_WARN_BOOL_CONVERSION = YES;
				CLANG_WARN_CONSTANT_CONVERSION = YES;
				CLANG_WARN_DIRECT_OBJC_ISA_USAGE = YES_ERROR;
				CLANG_WARN_EMPTY_BODY = YES;
				CLANG_WARN_ENUM_CONVERSION = YES;
				CLANG_WARN_INT_CONVERSION = YES;
				CLANG_WARN_OBJC_ROOT_CLASS = YES_ERROR;
				CLANG_WARN_UNREACHABLE_CODE = YES;
				CLANG_WARN__DUPLICATE_METHOD_MATCH = YES;
				"CODE_SIGN_IDENTITY[sdk=iphoneos*]" = "iPhone Developer";
				COPY_PHASE_STRIP = NO;
				DEBUG_INFORMATION_FORMAT = "dwarf-with-dsym";
				ENABLE_STRICT_OBJC_MSGSEND = YES;
				GCC_C_LANGUAGE_STANDARD = gnu99;
				GCC_DYNAMIC_NO_PIC = NO;
				GCC_NO_COMMON_BLOCKS = YES;
				GCC_OPTIMIZATION_LEVEL = 0;
				GCC_PREPROCESSOR_DEFINITIONS = (
					"DEBUG=1",
					"$(inherited)",
				);
				GCC_SYMBOLS_PRIVATE_EXTERN = NO;
				GCC_WARN_64_TO_32_BIT_CONVERSION = YES;
				GCC_WARN_ABOUT_RETURN_TYPE = YES_ERROR;
				GCC_WARN_UNDECLARED_SELECTOR = YES;
				GCC_WARN_UNINITIALIZED_AUTOS = YES_AGGRESSIVE;
				GCC_WARN_UNUSED_FUNCTION = YES;
				GCC_WARN_UNUSED_VARIABLE = YES;
				IPHONEOS_DEPLOYMENT_TARGET = 8.4;
				MTL_ENABLE_DEBUG_INFO = YES;
				ONLY_ACTIVE_ARCH = YES;
				SDKROOT = iphoneos;
				SWIFT_OPTIMIZATION_LEVEL = "-Onone";
				TARGETED_DEVICE_FAMILY = "1,2";
			};
			name = Debug;
		};
		2C78EB331B7B425C0065CEB2 /* Release */ = {
			isa = XCBuildConfiguration;
			buildSettings = {
				ALWAYS_SEARCH_USER_PATHS = NO;
				CLANG_CXX_LANGUAGE_STANDARD = "gnu++0x";
				CLANG_CXX_LIBRARY = "libc++";
				CLANG_ENABLE_MODULES = YES;
				CLANG_ENABLE_OBJC_ARC = YES;
				CLANG_WARN_BOOL_CONVERSION = YES;
				CLANG_WARN_CONSTANT_CONVERSION = YES;
				CLANG_WARN_DIRECT_OBJC_ISA_USAGE = YES_ERROR;
				CLANG_WARN_EMPTY_BODY = YES;
				CLANG_WARN_ENUM_CONVERSION = YES;
				CLANG_WARN_INT_CONVERSION = YES;
				CLANG_WARN_OBJC_ROOT_CLASS = YES_ERROR;
				CLANG_WARN_UNREACHABLE_CODE = YES;
				CLANG_WARN__DUPLICATE_METHOD_MATCH = YES;
				"CODE_SIGN_IDENTITY[sdk=iphoneos*]" = "iPhone Developer";
				COPY_PHASE_STRIP = NO;
				DEBUG_INFORMATION_FORMAT = "dwarf-with-dsym";
				ENABLE_NS_ASSERTIONS = NO;
				ENABLE_STRICT_OBJC_MSGSEND = YES;
				GCC_C_LANGUAGE_STANDARD = gnu99;
				GCC_NO_COMMON_BLOCKS = YES;
				GCC_WARN_64_TO_32_BIT_CONVERSION = YES;
				GCC_WARN_ABOUT_RETURN_TYPE = YES_ERROR;
				GCC_WARN_UNDECLARED_SELECTOR = YES;
				GCC_WARN_UNINITIALIZED_AUTOS = YES_AGGRESSIVE;
				GCC_WARN_UNUSED_FUNCTION = YES;
				GCC_WARN_UNUSED_VARIABLE = YES;
				IPHONEOS_DEPLOYMENT_TARGET = 8.4;
				MTL_ENABLE_DEBUG_INFO = NO;
				SDKROOT = iphoneos;
				TARGETED_DEVICE_FAMILY = "1,2";
				VALIDATE_PRODUCT = YES;
			};
			name = Release;
		};
		2C78EB351B7B425C0065CEB2 /* Debug */ = {
			isa = XCBuildConfiguration;
			buildSettings = {
				ASSETCATALOG_COMPILER_APPICON_NAME = AppIcon;
				INFOPLIST_FILE = HelloWorldIOS/Info.plist;
				LD_RUNPATH_SEARCH_PATHS = "$(inherited) @executable_path/Frameworks";
				PRODUCT_NAME = "$(TARGET_NAME)";
			};
			name = Debug;
		};
		2C78EB361B7B425C0065CEB2 /* Release */ = {
			isa = XCBuildConfiguration;
			buildSettings = {
				ASSETCATALOG_COMPILER_APPICON_NAME = AppIcon;
				INFOPLIST_FILE = HelloWorldIOS/Info.plist;
				LD_RUNPATH_SEARCH_PATHS = "$(inherited) @executable_path/Frameworks";
				PRODUCT_NAME = "$(TARGET_NAME)";
			};
			name = Release;
		};
		2C78EB381B7B425C0065CEB2 /* Debug */ = {
			isa = XCBuildConfiguration;
			buildSettings = {
				BUNDLE_LOADER = "$(TEST_HOST)";
				FRAMEWORK_SEARCH_PATHS = (
					"$(SDKROOT)/Developer/Library/Frameworks",
					"$(inherited)",
				);
				GCC_PREPROCESSOR_DEFINITIONS = (
					"DEBUG=1",
					"$(inherited)",
				);
				INFOPLIST_FILE = HelloWorldIOSTests/Info.plist;
				LD_RUNPATH_SEARCH_PATHS = "$(inherited) @executable_path/Frameworks @loader_path/Frameworks";
				PRODUCT_NAME = "$(TARGET_NAME)";
				TEST_HOST = "$(BUILT_PRODUCTS_DIR)/HelloWorldIOS.app/HelloWorldIOS";
			};
			name = Debug;
		};
		2C78EB391B7B425C0065CEB2 /* Release */ = {
			isa = XCBuildConfiguration;
			buildSettings = {
				BUNDLE_LOADER = "$(TEST_HOST)";
				FRAMEWORK_SEARCH_PATHS = (
					"$(SDKROOT)/Developer/Library/Frameworks",
					"$(inherited)",
				);
				INFOPLIST_FILE = HelloWorldIOSTests/Info.plist;
				LD_RUNPATH_SEARCH_PATHS = "$(inherited) @executable_path/Frameworks @loader_path/Frameworks";
				PRODUCT_NAME = "$(TARGET_NAME)";
				TEST_HOST = "$(BUILT_PRODUCTS_DIR)/HelloWorldIOS.app/HelloWorldIOS";
			};
			name = Release;
		};
/* End XCBuildConfiguration section */

/* Begin XCConfigurationList section */
		2C78EB101B7B425C0065CEB2 /* Build configuration list for PBXProject "HelloWorldIOS" */ = {
			isa = XCConfigurationList;
			buildConfigurations = (
				2C78EB321B7B425C0065CEB2 /* Debug */,
				2C78EB331B7B425C0065CEB2 /* Release */,
			);
			defaultConfigurationIsVisible = 0;
			defaultConfigurationName = Release;
		};
		2C78EB341B7B425C0065CEB2 /* Build configuration list for PBXNativeTarget "HelloWorldIOS" */ = {
			isa = XCConfigurationList;
			buildConfigurations = (
				2C78EB351B7B425C0065CEB2 /* Debug */,
				2C78EB361B7B425C0065CEB2 /* Release */,
			);
			defaultConfigurationIsVisible = 0;
		};
		2C78EB371B7B425C0065CEB2 /* Build configuration list for PBXNativeTarget "HelloWorldIOSTests" */ = {
			isa = XCConfigurationList;
			buildConfigurations = (
				2C78EB381B7B425C0065CEB2 /* Debug */,
				2C78EB391B7B425C0065CEB2 /* Release */,
			);
			defaultConfigurationIsVisible = 0;
		};
/* End XCConfigurationList section */
	};
	rootObject = 2C78EB0D1B7B425C0065CEB2 /* Project object */;
}
